// !$*UTF8*$!
{
	archiveVersion = 1;
	classes = {
	};
	objectVersion = 46;
	objects = {

/* Begin PBXBuildFile section */
		7E08C9AA242CFBE50083C692 /* numerics.c in Sources */ = {isa = PBXBuildFile; fileRef = 7E08C9A9242CFBE50083C692 /* numerics.c */; };
		7E53ED8321B1A83000B22251 /* xcssecovid.c in Sources */ = {isa = PBXBuildFile; fileRef = 7E53ED8221B1A83000B22251 /* xcssecovid.c */; };
		7EF4D911242EBE7300A5CCD1 /* models.c in Sources */ = {isa = PBXBuildFile; fileRef = 7EF4D90F242EBE7300A5CCD1 /* models.c */; };
/* End PBXBuildFile section */

/* Begin PBXCopyFilesBuildPhase section */
		7E53ED7D21B1A83000B22251 /* CopyFiles */ = {
			isa = PBXCopyFilesBuildPhase;
			buildActionMask = 2147483647;
			dstPath = /usr/share/man/man1/;
			dstSubfolderSpec = 0;
			files = (
			);
			runOnlyForDeploymentPostprocessing = 1;
		};
/* End PBXCopyFilesBuildPhase section */

/* Begin PBXFileReference section */
		7E08C9A9242CFBE50083C692 /* numerics.c */ = {isa = PBXFileReference; lastKnownFileType = sourcecode.c.c; path = numerics.c; sourceTree = "<group>"; };
		7E08C9AB242CFBE90083C692 /* numerics.h */ = {isa = PBXFileReference; lastKnownFileType = sourcecode.c.h; path = numerics.h; sourceTree = "<group>"; };
		7E363D0624291B15007AE640 /* .gitignore */ = {isa = PBXFileReference; lastKnownFileType = text; path = .gitignore; sourceTree = "<group>"; };
		7E363D0724291B15007AE640 /* README.md */ = {isa = PBXFileReference; lastKnownFileType = net.daringfireball.markdown; path = README.md; sourceTree = "<group>"; };
		7E363D0824291B15007AE640 /* LICENSE */ = {isa = PBXFileReference; lastKnownFileType = text; path = LICENSE; sourceTree = "<group>"; };
		7E53ED7F21B1A83000B22251 /* xcssecovid */ = {isa = PBXFileReference; explicitFileType = "compiled.mach-o.executable"; includeInIndex = 0; path = xcssecovid; sourceTree = BUILT_PRODUCTS_DIR; };
		7E53ED8221B1A83000B22251 /* xcssecovid.c */ = {isa = PBXFileReference; lastKnownFileType = sourcecode.c.c; path = xcssecovid.c; sourceTree = "<group>"; };
		7EF4D90F242EBE7300A5CCD1 /* models.c */ = {isa = PBXFileReference; lastKnownFileType = sourcecode.c.c; path = models.c; sourceTree = "<group>"; };
		7EF4D910242EBE7300A5CCD1 /* models.h */ = {isa = PBXFileReference; lastKnownFileType = sourcecode.c.h; path = models.h; sourceTree = "<group>"; };
/* End PBXFileReference section */

/* Begin PBXFrameworksBuildPhase section */
		7E53ED7C21B1A83000B22251 /* Frameworks */ = {
			isa = PBXFrameworksBuildPhase;
			buildActionMask = 2147483647;
			files = (
			);
			runOnlyForDeploymentPostprocessing = 0;
		};
/* End PBXFrameworksBuildPhase section */

/* Begin PBXGroup section */
		7E53ED7621B1A83000B22251 = {
			isa = PBXGroup;
			children = (
				7E08C9AB242CFBE90083C692 /* numerics.h */,
				7E08C9A9242CFBE50083C692 /* numerics.c */,
				7EF4D910242EBE7300A5CCD1 /* models.h */,
				7EF4D90F242EBE7300A5CCD1 /* models.c */,
				7E53ED8221B1A83000B22251 /* xcssecovid.c */,
				7E363D0724291B15007AE640 /* README.md */,
				7E363D0824291B15007AE640 /* LICENSE */,
				7E363D0624291B15007AE640 /* .gitignore */,
				7E53ED8021B1A83000B22251 /* Products */,
			);
			sourceTree = "<group>";
		};
		7E53ED8021B1A83000B22251 /* Products */ = {
			isa = PBXGroup;
			children = (
				7E53ED7F21B1A83000B22251 /* xcssecovid */,
			);
			name = Products;
			sourceTree = "<group>";
		};
/* End PBXGroup section */

/* Begin PBXNativeTarget section */
		7E53ED7E21B1A83000B22251 /* xcssecovid */ = {
			isa = PBXNativeTarget;
			buildConfigurationList = 7E53ED8621B1A83000B22251 /* Build configuration list for PBXNativeTarget "xcssecovid" */;
			buildPhases = (
				7E53ED7B21B1A83000B22251 /* Sources */,
				7E53ED7C21B1A83000B22251 /* Frameworks */,
				7E53ED7D21B1A83000B22251 /* CopyFiles */,
			);
			buildRules = (
			);
			dependencies = (
			);
			name = xcssecovid;
			productName = hello;
			productReference = 7E53ED7F21B1A83000B22251 /* xcssecovid */;
			productType = "com.apple.product-type.tool";
		};
/* End PBXNativeTarget section */

/* Begin PBXProject section */
		7E53ED7721B1A83000B22251 /* Project object */ = {
			isa = PBXProject;
			attributes = {
				LastUpgradeCheck = 0830;
				ORGANIZATIONNAME = "Obsigna!";
				TargetAttributes = {
					7E53ED7E21B1A83000B22251 = {
						CreatedOnToolsVersion = 8.3.3;
						ProvisioningStyle = Automatic;
					};
				};
			};
			buildConfigurationList = 7E53ED7A21B1A83000B22251 /* Build configuration list for PBXProject "xcssecovid" */;
			compatibilityVersion = "Xcode 3.2";
			developmentRegion = English;
			hasScannedForEncodings = 0;
			knownRegions = (
				English,
				en,
			);
			mainGroup = 7E53ED7621B1A83000B22251;
			productRefGroup = 7E53ED8021B1A83000B22251 /* Products */;
			projectDirPath = "";
			projectRoot = "";
			targets = (
				7E53ED7E21B1A83000B22251 /* xcssecovid */,
			);
		};
/* End PBXProject section */

/* Begin PBXSourcesBuildPhase section */
		7E53ED7B21B1A83000B22251 /* Sources */ = {
			isa = PBXSourcesBuildPhase;
			buildActionMask = 2147483647;
			files = (
				7E08C9AA242CFBE50083C692 /* numerics.c in Sources */,
				7EF4D911242EBE7300A5CCD1 /* models.c in Sources */,
				7E53ED8321B1A83000B22251 /* xcssecovid.c in Sources */,
			);
			runOnlyForDeploymentPostprocessing = 0;
		};
/* End PBXSourcesBuildPhase section */

/* Begin XCBuildConfiguration section */
		7E53ED8421B1A83000B22251 /* Debug */ = {
			isa = XCBuildConfiguration;
			buildSettings = {
				ALWAYS_SEARCH_USER_PATHS = NO;
				CLANG_ANALYZER_NONNULL = YES;
				CLANG_ANALYZER_NUMBER_OBJECT_CONVERSION = YES_AGGRESSIVE;
				CLANG_CXX_LANGUAGE_STANDARD = "gnu++0x";
				CLANG_CXX_LIBRARY = "libc++";
				CLANG_WARN_ASSIGN_ENUM = YES;
				CLANG_WARN_BOOL_CONVERSION = YES;
				CLANG_WARN_CONSTANT_CONVERSION = YES;
				CLANG_WARN_DIRECT_OBJC_ISA_USAGE = YES_ERROR;
				CLANG_WARN_DOCUMENTATION_COMMENTS = YES;
				CLANG_WARN_EMPTY_BODY = YES;
				CLANG_WARN_ENUM_CONVERSION = YES;
				CLANG_WARN_INFINITE_RECURSION = YES;
				CLANG_WARN_INT_CONVERSION = YES;
				CLANG_WARN_OBJC_ROOT_CLASS = YES_ERROR;
				CLANG_WARN_SUSPICIOUS_MOVE = YES;
				CLANG_WARN_UNREACHABLE_CODE = YES;
				CLANG_WARN__DUPLICATE_METHOD_MATCH = YES;
				ENABLE_NS_ASSERTIONS = NO;
				GCC_C_LANGUAGE_STANDARD = gnu11;
				GCC_DYNAMIC_NO_PIC = YES;
				GCC_NO_COMMON_BLOCKS = YES;
				GCC_OPTIMIZATION_LEVEL = 0;
				GCC_PREPROCESSOR_DEFINITIONS = (
					"DEBUG=1",
					"$(inherited)",
				);
				GCC_SYMBOLS_PRIVATE_EXTERN = YES;
				GCC_WARN_64_TO_32_BIT_CONVERSION = YES;
				GCC_WARN_ABOUT_MISSING_FIELD_INITIALIZERS = YES;
				GCC_WARN_ABOUT_MISSING_NEWLINE = YES;
				GCC_WARN_ABOUT_RETURN_TYPE = YES_ERROR;
				GCC_WARN_INITIALIZER_NOT_FULLY_BRACKETED = YES;
				GCC_WARN_MISSING_PARENTHESES = NO;
				GCC_WARN_SHADOW = YES;
				GCC_WARN_UNDECLARED_SELECTOR = YES;
				GCC_WARN_UNINITIALIZED_AUTOS = YES_AGGRESSIVE;
				GCC_WARN_UNUSED_FUNCTION = YES;
				GCC_WARN_UNUSED_VARIABLE = YES;
				MACOSX_DEPLOYMENT_TARGET = 10.9;
			};
			name = Debug;
		};
		7E53ED8521B1A83000B22251 /* Release */ = {
			isa = XCBuildConfiguration;
			buildSettings = {
				ALWAYS_SEARCH_USER_PATHS = NO;
				CLANG_ANALYZER_NONNULL = YES;
				CLANG_ANALYZER_NUMBER_OBJECT_CONVERSION = YES_AGGRESSIVE;
				CLANG_CXX_LANGUAGE_STANDARD = "gnu++0x";
				CLANG_CXX_LIBRARY = "libc++";
				CLANG_WARN_ASSIGN_ENUM = YES;
				CLANG_WARN_BOOL_CONVERSION = YES;
				CLANG_WARN_CONSTANT_CONVERSION = YES;
				CLANG_WARN_DIRECT_OBJC_ISA_USAGE = YES_ERROR;
				CLANG_WARN_DOCUMENTATION_COMMENTS = YES;
				CLANG_WARN_EMPTY_BODY = YES;
				CLANG_WARN_ENUM_CONVERSION = YES;
				CLANG_WARN_INFINITE_RECURSION = YES;
				CLANG_WARN_INT_CONVERSION = YES;
				CLANG_WARN_OBJC_ROOT_CLASS = YES_ERROR;
				CLANG_WARN_SUSPICIOUS_MOVE = YES;
				CLANG_WARN_UNREACHABLE_CODE = YES;
				CLANG_WARN__DUPLICATE_METHOD_MATCH = YES;
				ENABLE_NS_ASSERTIONS = NO;
				GCC_C_LANGUAGE_STANDARD = gnu11;
				GCC_DYNAMIC_NO_PIC = YES;
				GCC_NO_COMMON_BLOCKS = YES;
				GCC_OPTIMIZATION_LEVEL = 3;
				GCC_SYMBOLS_PRIVATE_EXTERN = YES;
				GCC_WARN_64_TO_32_BIT_CONVERSION = YES;
				GCC_WARN_ABOUT_MISSING_FIELD_INITIALIZERS = YES;
				GCC_WARN_ABOUT_MISSING_NEWLINE = YES;
				GCC_WARN_ABOUT_RETURN_TYPE = YES_ERROR;
				GCC_WARN_INITIALIZER_NOT_FULLY_BRACKETED = YES;
				GCC_WARN_MISSING_PARENTHESES = NO;
				GCC_WARN_SHADOW = YES;
				GCC_WARN_UNDECLARED_SELECTOR = YES;
				GCC_WARN_UNINITIALIZED_AUTOS = YES_AGGRESSIVE;
				GCC_WARN_UNUSED_FUNCTION = YES;
				GCC_WARN_UNUSED_VARIABLE = YES;
				MACOSX_DEPLOYMENT_TARGET = 10.9;
			};
			name = Release;
		};
		7E53ED8721B1A83000B22251 /* Debug */ = {
			isa = XCBuildConfiguration;
			buildSettings = {
				PRODUCT_NAME = "$(TARGET_NAME)";
			};
			name = Debug;
		};
		7E53ED8821B1A83000B22251 /* Release */ = {
			isa = XCBuildConfiguration;
			buildSettings = {
				PRODUCT_NAME = "$(TARGET_NAME)";
			};
			name = Release;
		};
/* End XCBuildConfiguration section */

/* Begin XCConfigurationList section */
		7E53ED7A21B1A83000B22251 /* Build configuration list for PBXProject "xcssecovid" */ = {
			isa = XCConfigurationList;
			buildConfigurations = (
				7E53ED8421B1A83000B22251 /* Debug */,
				7E53ED8521B1A83000B22251 /* Release */,
			);
			defaultConfigurationIsVisible = 0;
			defaultConfigurationName = Release;
		};
		7E53ED8621B1A83000B22251 /* Build configuration list for PBXNativeTarget "xcssecovid" */ = {
			isa = XCConfigurationList;
			buildConfigurations = (
				7E53ED8721B1A83000B22251 /* Debug */,
				7E53ED8821B1A83000B22251 /* Release */,
			);
			defaultConfigurationIsVisible = 0;
			defaultConfigurationName = Release;
		};
/* End XCConfigurationList section */
	};
	rootObject = 7E53ED7721B1A83000B22251 /* Project object */;
}
